
Microsoft Visual Studio Solution File, Format Version 12.00
# Visual Studio Version 17
VisualStudioVersion = 17.13.35825.156
MinimumVisualStudioVersion = 10.0.40219.1
Project("{FAE04EC0-301F-11D3-BF4B-00C04F79EFBC}") = "MiniProject", "MiniProject.csproj", "{D6C27213-DCD7-49D4-B034-74EEFE20FFDD}"
EndProject
Global
	GlobalSection(SolutionConfigurationPlatforms) = preSolution
		Debug|Any CPU = Debug|Any CPU
		Release|Any CPU = Release|Any CPU
	EndGlobalSection
	GlobalSection(ProjectConfigurationPlatforms) = postSolution
		{D6C27213-DCD7-49D4-B034-74EEFE20FFDD}.Debug|Any CPU.ActiveCfg = Debug|Any CPU
		{D6C27213-DCD7-49D4-B034-74EEFE20FFDD}.Debug|Any CPU.Build.0 = Debug|Any CPU
		{D6C27213-DCD7-49D4-B034-74EEFE20FFDD}.Release|Any CPU.ActiveCfg = Release|Any CPU
		{D6C27213-DCD7-49D4-B034-74EEFE20FFDD}.Release|Any CPU.Build.0 = Release|Any CPU
	EndGlobalSection
	GlobalSection(SolutionProperties) = preSolution
		HideSolutionNode = FALSE
	EndGlobalSection
	GlobalSection(ExtensibilityGlobals) = postSolution
		SolutionGuid = {822ED25D-90D0-4B7B-8195-A50C9872DDDF}
	EndGlobalSection
EndGlobal
